
Microsoft Visual Studio Solution File, Format Version 12.00
# Visual Studio Version 17
VisualStudioVersion = 17.9.34902.65
MinimumVisualStudioVersion = 10.0.40219.1
Project("{9A19103F-16F7-4668-BE54-9A1E7A4F7556}") = "Cineplayers2Letterboxd", "Cineplayers2Letterboxd.csproj", "{202CFBD3-E9AA-46A1-BB74-54FFDA081C5D}"
EndProject
Global
	GlobalSection(SolutionConfigurationPlatforms) = preSolution
		Debug|Any CPU = Debug|Any CPU
		Release|Any CPU = Release|Any CPU
	EndGlobalSection
	GlobalSection(ProjectConfigurationPlatforms) = postSolution
		{202CFBD3-E9AA-46A1-BB74-54FFDA081C5D}.Debug|Any CPU.ActiveCfg = Debug|Any CPU
		{202CFBD3-E9AA-46A1-BB74-54FFDA081C5D}.Debug|Any CPU.Build.0 = Debug|Any CPU
		{202CFBD3-E9AA-46A1-BB74-54FFDA081C5D}.Release|Any CPU.ActiveCfg = Release|Any CPU
		{202CFBD3-E9AA-46A1-BB74-54FFDA081C5D}.Release|Any CPU.Build.0 = Release|Any CPU
	EndGlobalSection
	GlobalSection(SolutionProperties) = preSolution
		HideSolutionNode = FALSE
	EndGlobalSection
	GlobalSection(ExtensibilityGlobals) = postSolution
		SolutionGuid = {D0A873BA-5814-4012-A7F8-ADA714BAA14E}
	EndGlobalSection
EndGlobal
